
Microsoft Visual Studio Solution File, Format Version 11.00
# Visual Studio 2010
Project("{FAE04EC0-301F-11D3-BF4B-00C04F79EFBC}") = "WebUI", "WebUI\WebUI.csproj", "{78E3F1DF-6306-4217-8E95-ADF2883927F0}"
EndProject
Project("{2150E333-8FDC-42A3-9474-1A3956D46DE8}") = "Entity", "Entity", "{4C5A77C5-4CCC-4E69-AA79-CEFB0DAFC798}"
EndProject
Project("{2150E333-8FDC-42A3-9474-1A3956D46DE8}") = "Dao", "Dao", "{17A772F3-90C4-4CD6-8155-F39CD1F8E735}"
EndProject
Project("{2150E333-8FDC-42A3-9474-1A3956D46DE8}") = "Service", "Service", "{5BD585DE-0514-4CDB-81F0-8296E59522B0}"
EndProject
Project("{FAE04EC0-301F-11D3-BF4B-00C04F79EFBC}") = "SH.Dao", "Dao\SH.Dao.csproj", "{67A5AC8B-D42C-4E47-A730-20009DC9A6F4}"
EndProject
Project("{FAE04EC0-301F-11D3-BF4B-00C04F79EFBC}") = "SH.Entity", "Entity\SH.Entity.csproj", "{61FBB370-C812-4CC8-A9B8-37BF71198D8C}"
EndProject
Project("{FAE04EC0-301F-11D3-BF4B-00C04F79EFBC}") = "SH.Service", "Service\SH.Service.csproj", "{435668D5-4940-4C08-9C33-F4913881F67D}"
EndProject
Global
	GlobalSection(SolutionConfigurationPlatforms) = preSolution
		Debug|Any CPU = Debug|Any CPU
		Release|Any CPU = Release|Any CPU
	EndGlobalSection
	GlobalSection(ProjectConfigurationPlatforms) = postSolution
		{78E3F1DF-6306-4217-8E95-ADF2883927F0}.Debug|Any CPU.ActiveCfg = Debug|Any CPU
		{78E3F1DF-6306-4217-8E95-ADF2883927F0}.Debug|Any CPU.Build.0 = Debug|Any CPU
		{78E3F1DF-6306-4217-8E95-ADF2883927F0}.Release|Any CPU.ActiveCfg = Release|Any CPU
		{78E3F1DF-6306-4217-8E95-ADF2883927F0}.Release|Any CPU.Build.0 = Release|Any CPU
		{67A5AC8B-D42C-4E47-A730-20009DC9A6F4}.Debug|Any CPU.ActiveCfg = Debug|Any CPU
		{67A5AC8B-D42C-4E47-A730-20009DC9A6F4}.Debug|Any CPU.Build.0 = Debug|Any CPU
		{67A5AC8B-D42C-4E47-A730-20009DC9A6F4}.Release|Any CPU.ActiveCfg = Release|Any CPU
		{67A5AC8B-D42C-4E47-A730-20009DC9A6F4}.Release|Any CPU.Build.0 = Release|Any CPU
		{61FBB370-C812-4CC8-A9B8-37BF71198D8C}.Debug|Any CPU.ActiveCfg = Debug|Any CPU
		{61FBB370-C812-4CC8-A9B8-37BF71198D8C}.Debug|Any CPU.Build.0 = Debug|Any CPU
		{61FBB370-C812-4CC8-A9B8-37BF71198D8C}.Release|Any CPU.ActiveCfg = Release|Any CPU
		{61FBB370-C812-4CC8-A9B8-37BF71198D8C}.Release|Any CPU.Build.0 = Release|Any CPU
		{435668D5-4940-4C08-9C33-F4913881F67D}.Debug|Any CPU.ActiveCfg = Debug|Any CPU
		{435668D5-4940-4C08-9C33-F4913881F67D}.Debug|Any CPU.Build.0 = Debug|Any CPU
		{435668D5-4940-4C08-9C33-F4913881F67D}.Release|Any CPU.ActiveCfg = Release|Any CPU
		{435668D5-4940-4C08-9C33-F4913881F67D}.Release|Any CPU.Build.0 = Release|Any CPU
	EndGlobalSection
	GlobalSection(SolutionProperties) = preSolution
		HideSolutionNode = FALSE
	EndGlobalSection
	GlobalSection(NestedProjects) = preSolution
		{61FBB370-C812-4CC8-A9B8-37BF71198D8C} = {4C5A77C5-4CCC-4E69-AA79-CEFB0DAFC798}
		{67A5AC8B-D42C-4E47-A730-20009DC9A6F4} = {17A772F3-90C4-4CD6-8155-F39CD1F8E735}
		{435668D5-4940-4C08-9C33-F4913881F67D} = {5BD585DE-0514-4CDB-81F0-8296E59522B0}
	EndGlobalSection
EndGlobal
